
Microsoft Visual Studio Solution File, Format Version 12.00
# Visual Studio Version 16
VisualStudioVersion = 16.0.31025.194
MinimumVisualStudioVersion = 10.0.40219.1
Project("{FAE04EC0-301F-11D3-BF4B-00C04F79EFBC}") = "TodoApi", "TodoApi.csproj", "{CF4F27B9-9B0A-431E-88F0-8596B5464251}"
EndProject
Global
	GlobalSection(SolutionConfigurationPlatforms) = preSolution
		Debug|Any CPU = Debug|Any CPU
		Release|Any CPU = Release|Any CPU
	EndGlobalSection
	GlobalSection(ProjectConfigurationPlatforms) = postSolution
		{CF4F27B9-9B0A-431E-88F0-8596B5464251}.Debug|Any CPU.ActiveCfg = Debug|Any CPU
		{CF4F27B9-9B0A-431E-88F0-8596B5464251}.Debug|Any CPU.Build.0 = Debug|Any CPU
		{CF4F27B9-9B0A-431E-88F0-8596B5464251}.Release|Any CPU.ActiveCfg = Release|Any CPU
		{CF4F27B9-9B0A-431E-88F0-8596B5464251}.Release|Any CPU.Build.0 = Release|Any CPU
	EndGlobalSection
	GlobalSection(SolutionProperties) = preSolution
		HideSolutionNode = FALSE
	EndGlobalSection
	GlobalSection(ExtensibilityGlobals) = postSolution
		SolutionGuid = {D952A623-FF2E-49CB-8E33-1B5B34B4329C}
	EndGlobalSection
EndGlobal
